
Microsoft Visual Studio Solution File, Format Version 12.00
# Visual Studio Version 17
VisualStudioVersion = 17.7.34009.444
MinimumVisualStudioVersion = 10.0.40219.1
Project("{8BC9CEB8-8B4A-11D0-8D11-00A0C91BC942}") = "ConsoleApplication16", "ConsoleApplication16\ConsoleApplication16.vcxproj", "{5B864603-D9ED-43CC-B2C5-6E5BA101CC24}"
EndProject
Global
	GlobalSection(SolutionConfigurationPlatforms) = preSolution
		Debug|x64 = Debug|x64
		Debug|x86 = Debug|x86
		Release|x64 = Release|x64
		Release|x86 = Release|x86
	EndGlobalSection
	GlobalSection(ProjectConfigurationPlatforms) = postSolution
		{5B864603-D9ED-43CC-B2C5-6E5BA101CC24}.Debug|x64.ActiveCfg = Debug|x64
		{5B864603-D9ED-43CC-B2C5-6E5BA101CC24}.Debug|x64.Build.0 = Debug|x64
		{5B864603-D9ED-43CC-B2C5-6E5BA101CC24}.Debug|x86.ActiveCfg = Debug|Win32
		{5B864603-D9ED-43CC-B2C5-6E5BA101CC24}.Debug|x86.Build.0 = Debug|Win32
		{5B864603-D9ED-43CC-B2C5-6E5BA101CC24}.Release|x64.ActiveCfg = Release|x64
		{5B864603-D9ED-43CC-B2C5-6E5BA101CC24}.Release|x64.Build.0 = Release|x64
		{5B864603-D9ED-43CC-B2C5-6E5BA101CC24}.Release|x86.ActiveCfg = Release|Win32
		{5B864603-D9ED-43CC-B2C5-6E5BA101CC24}.Release|x86.Build.0 = Release|Win32
	EndGlobalSection
	GlobalSection(SolutionProperties) = preSolution
		HideSolutionNode = FALSE
	EndGlobalSection
	GlobalSection(ExtensibilityGlobals) = postSolution
		SolutionGuid = {934034F4-EB63-479F-A4CF-214A4FE33040}
	EndGlobalSection
EndGlobal
